
Microsoft Visual Studio Solution File, Format Version 12.00
# Visual Studio Version 17
VisualStudioVersion = 17.7.34031.279
MinimumVisualStudioVersion = 10.0.40219.1
Project("{FAE04EC0-301F-11D3-BF4B-00C04F79EFBC}") = "OnlyZoo", "OnlyZoo\OnlyZoo.csproj", "{57C46CCF-C196-40C3-88A7-0490EB10CCEA}"
EndProject
Global
	GlobalSection(SolutionConfigurationPlatforms) = preSolution
		Debug|Any CPU = Debug|Any CPU
		Release|Any CPU = Release|Any CPU
	EndGlobalSection
	GlobalSection(ProjectConfigurationPlatforms) = postSolution
		{57C46CCF-C196-40C3-88A7-0490EB10CCEA}.Debug|Any CPU.ActiveCfg = Debug|Any CPU
		{57C46CCF-C196-40C3-88A7-0490EB10CCEA}.Debug|Any CPU.Build.0 = Debug|Any CPU
		{57C46CCF-C196-40C3-88A7-0490EB10CCEA}.Release|Any CPU.ActiveCfg = Release|Any CPU
		{57C46CCF-C196-40C3-88A7-0490EB10CCEA}.Release|Any CPU.Build.0 = Release|Any CPU
	EndGlobalSection
	GlobalSection(SolutionProperties) = preSolution
		HideSolutionNode = FALSE
	EndGlobalSection
	GlobalSection(ExtensibilityGlobals) = postSolution
		SolutionGuid = {1EB1EFB4-616A-4BF3-94A9-3A6478B5AD3E}
	EndGlobalSection
EndGlobal
