
Microsoft Visual Studio Solution File, Format Version 12.00
# Visual Studio Version 17
VisualStudioVersion = 17.7.34031.279
MinimumVisualStudioVersion = 10.0.40219.1
Project("{FAE04EC0-301F-11D3-BF4B-00C04F79EFBC}") = "GestionArchivos", "GestionArchivos\GestionArchivos.csproj", "{5CF5F220-BC46-4D62-AB00-2CA8A6F040F4}"
EndProject
Global
	GlobalSection(SolutionConfigurationPlatforms) = preSolution
		Debug|Any CPU = Debug|Any CPU
		Release|Any CPU = Release|Any CPU
	EndGlobalSection
	GlobalSection(ProjectConfigurationPlatforms) = postSolution
		{5CF5F220-BC46-4D62-AB00-2CA8A6F040F4}.Debug|Any CPU.ActiveCfg = Debug|Any CPU
		{5CF5F220-BC46-4D62-AB00-2CA8A6F040F4}.Debug|Any CPU.Build.0 = Debug|Any CPU
		{5CF5F220-BC46-4D62-AB00-2CA8A6F040F4}.Release|Any CPU.ActiveCfg = Release|Any CPU
		{5CF5F220-BC46-4D62-AB00-2CA8A6F040F4}.Release|Any CPU.Build.0 = Release|Any CPU
	EndGlobalSection
	GlobalSection(SolutionProperties) = preSolution
		HideSolutionNode = FALSE
	EndGlobalSection
	GlobalSection(ExtensibilityGlobals) = postSolution
		SolutionGuid = {B1E3E3E8-C1FD-4A60-9BD0-8BA0DB3AAF50}
	EndGlobalSection
EndGlobal
